
Microsoft Visual Studio Solution File, Format Version 12.00
# Visual Studio for Mac
Project("{FAE04EC0-301F-11D3-BF4B-00C04F79EFBC}") = "Assembly-CSharp", "Assembly-CSharp.csproj", "{18694564-7830-FEFC-2E1C-552D3E401343}"
EndProject
Project("{FAE04EC0-301F-11D3-BF4B-00C04F79EFBC}") = "Assembly-CSharp-firstpass", "Assembly-CSharp-firstpass.csproj", "{F356DC48-AFAD-4969-49A2-A4C0D45E6F51}"
EndProject
Project("{FAE04EC0-301F-11D3-BF4B-00C04F79EFBC}") = "Assembly-CSharp-Editor-firstpass", "Assembly-CSharp-Editor-firstpass.csproj", "{3B42E339-B00A-3A9D-A3DC-476A1727DC8E}"
EndProject
Project("{FAE04EC0-301F-11D3-BF4B-00C04F79EFBC}") = "Assembly-CSharp-Editor", "Assembly-CSharp-Editor.csproj", "{1E662194-F294-F7C7-A654-2764878603C4}"
EndProject
Global
	GlobalSection(SolutionConfigurationPlatforms) = preSolution
		Debug|Any CPU = Debug|Any CPU
		Release|Any CPU = Release|Any CPU
	EndGlobalSection
	GlobalSection(ProjectConfigurationPlatforms) = postSolution
		{18694564-7830-FEFC-2E1C-552D3E401343}.Debug|Any CPU.ActiveCfg = Debug|Any CPU
		{18694564-7830-FEFC-2E1C-552D3E401343}.Debug|Any CPU.Build.0 = Debug|Any CPU
		{18694564-7830-FEFC-2E1C-552D3E401343}.Release|Any CPU.ActiveCfg = Release|Any CPU
		{18694564-7830-FEFC-2E1C-552D3E401343}.Release|Any CPU.Build.0 = Release|Any CPU
		{F356DC48-AFAD-4969-49A2-A4C0D45E6F51}.Debug|Any CPU.ActiveCfg = Debug|Any CPU
		{F356DC48-AFAD-4969-49A2-A4C0D45E6F51}.Debug|Any CPU.Build.0 = Debug|Any CPU
		{F356DC48-AFAD-4969-49A2-A4C0D45E6F51}.Release|Any CPU.ActiveCfg = Release|Any CPU
		{F356DC48-AFAD-4969-49A2-A4C0D45E6F51}.Release|Any CPU.Build.0 = Release|Any CPU
		{3B42E339-B00A-3A9D-A3DC-476A1727DC8E}.Debug|Any CPU.ActiveCfg = Debug|Any CPU
		{3B42E339-B00A-3A9D-A3DC-476A1727DC8E}.Debug|Any CPU.Build.0 = Debug|Any CPU
		{3B42E339-B00A-3A9D-A3DC-476A1727DC8E}.Release|Any CPU.ActiveCfg = Release|Any CPU
		{3B42E339-B00A-3A9D-A3DC-476A1727DC8E}.Release|Any CPU.Build.0 = Release|Any CPU
		{1E662194-F294-F7C7-A654-2764878603C4}.Debug|Any CPU.ActiveCfg = Debug|Any CPU
		{1E662194-F294-F7C7-A654-2764878603C4}.Debug|Any CPU.Build.0 = Debug|Any CPU
		{1E662194-F294-F7C7-A654-2764878603C4}.Release|Any CPU.ActiveCfg = Release|Any CPU
		{1E662194-F294-F7C7-A654-2764878603C4}.Release|Any CPU.Build.0 = Release|Any CPU
	EndGlobalSection
	GlobalSection(SolutionProperties) = preSolution
		HideSolutionNode = FALSE
	EndGlobalSection
EndGlobal
